dependencies:
- name: gluon
  repository: oci://registry1.dso.mil/bigbang
  version: 0.9.1
- name: external-secrets
  repository: https://charts.external-secrets.io
  version: 0.20.1
digest: sha256:b819fb1d4340e473bce8a0172aa886c5c32d54097d8520bae3de8f27ab620600
generated: "2025-09-23T06:09:43.245371348Z"
